
Microsoft Visual Studio Solution File, Format Version 12.00
# Visual Studio 14
VisualStudioVersion = 14.0.23107.0
MinimumVisualStudioVersion = 10.0.40219.1
Project("{888888A0-9F3D-457C-B088-3A5042F75D52}") = "U14EDP", "U14EDP\U14EDP.pyproj", "{456C8E99-1C41-415C-BECB-4AE26CC9DA61}"
EndProject
Project("{888888A0-9F3D-457C-B088-3A5042F75D52}") = "WPF1Hello", "HelloWPF1\WPF1Hello.pyproj", "{0FBE2261-C83C-4CDE-A052-1122DC11215F}"
EndProject
Project("{888888A0-9F3D-457C-B088-3A5042F75D52}") = "WPF2Input", "WPF2Input\WPF2Input.pyproj", "{3825DED9-07B4-4DF6-AD68-67521D041DF8}"
EndProject
Project("{888888A0-9F3D-457C-B088-3A5042F75D52}") = "Wpf3Numbers", "Wpf3Numbers\Wpf3Numbers.pyproj", "{38E2738D-8669-46B1-A93B-4E588FEBD1F2}"
EndProject
Project("{888888A0-9F3D-457C-B088-3A5042F75D52}") = "Wpf1Buttons", "Wpf1Buttons\Wpf1Buttons.pyproj", "{F768162D-3A86-45F5-ABCB-49889374892C}"
EndProject
Global
	GlobalSection(SolutionConfigurationPlatforms) = preSolution
		Debug|Any CPU = Debug|Any CPU
		Release|Any CPU = Release|Any CPU
	EndGlobalSection
	GlobalSection(ProjectConfigurationPlatforms) = postSolution
		{456C8E99-1C41-415C-BECB-4AE26CC9DA61}.Debug|Any CPU.ActiveCfg = Debug|Any CPU
		{456C8E99-1C41-415C-BECB-4AE26CC9DA61}.Release|Any CPU.ActiveCfg = Release|Any CPU
		{0FBE2261-C83C-4CDE-A052-1122DC11215F}.Debug|Any CPU.ActiveCfg = Debug|Any CPU
		{0FBE2261-C83C-4CDE-A052-1122DC11215F}.Release|Any CPU.ActiveCfg = Release|Any CPU
		{3825DED9-07B4-4DF6-AD68-67521D041DF8}.Debug|Any CPU.ActiveCfg = Debug|Any CPU
		{3825DED9-07B4-4DF6-AD68-67521D041DF8}.Release|Any CPU.ActiveCfg = Release|Any CPU
		{38E2738D-8669-46B1-A93B-4E588FEBD1F2}.Debug|Any CPU.ActiveCfg = Debug|Any CPU
		{38E2738D-8669-46B1-A93B-4E588FEBD1F2}.Release|Any CPU.ActiveCfg = Release|Any CPU
		{F768162D-3A86-45F5-ABCB-49889374892C}.Debug|Any CPU.ActiveCfg = Debug|Any CPU
		{F768162D-3A86-45F5-ABCB-49889374892C}.Release|Any CPU.ActiveCfg = Release|Any CPU
	EndGlobalSection
	GlobalSection(SolutionProperties) = preSolution
		HideSolutionNode = FALSE
	EndGlobalSection
EndGlobal
