
Microsoft Visual Studio Solution File, Format Version 12.00
# Visual Studio 14
VisualStudioVersion = 14.0.23107.0
MinimumVisualStudioVersion = 10.0.40219.1
Project("{888888A0-9F3D-457C-B088-3A5042F75D52}") = "WPF1Hello", "HelloWPF1\WPF1Hello.pyproj", "{0FBE2261-C83C-4CDE-A052-1122DC11215F}"
EndProject
Project("{888888A0-9F3D-457C-B088-3A5042F75D52}") = "WPF2Input", "WPF2Input\WPF2Input.pyproj", "{3825DED9-07B4-4DF6-AD68-67521D041DF8}"
EndProject
Project("{888888A0-9F3D-457C-B088-3A5042F75D52}") = "Wpf3Numbers", "Wpf3Numbers\Wpf3Numbers.pyproj", "{38E2738D-8669-46B1-A93B-4E588FEBD1F2}"
EndProject
Project("{888888A0-9F3D-457C-B088-3A5042F75D52}") = "Wpf1Buttons", "Wpf1Buttons\Wpf1Buttons.pyproj", "{F768162D-3A86-45F5-ABCB-49889374892C}"
EndProject
Project("{888888A0-9F3D-457C-B088-3A5042F75D52}") = "Wpf4Dates", "Wpf4Dates\Wpf4Dates.pyproj", "{27A9F8DE-7990-417C-875E-85037E0FCDBB}"
EndProject
Project("{888888A0-9F3D-457C-B088-3A5042F75D52}") = "Wpf5Conditions", "Wpf5Conditions\Wpf5Conditions.pyproj", "{FCEF6C80-047B-4A56-8871-E636E34E7DB7}"
EndProject
Project("{888888A0-9F3D-457C-B088-3A5042F75D52}") = "Wpf6Complex", "Wpf6Complex\Wpf6Complex.pyproj", "{56CF9521-8F4B-4B3A-966B-F0985396A230}"
EndProject
Project("{888888A0-9F3D-457C-B088-3A5042F75D52}") = "Wpf7While", "Wpf7While\Wpf7While.pyproj", "{424CA0E2-1181-423C-BD79-DD8A40CBD64A}"
EndProject
Project("{888888A0-9F3D-457C-B088-3A5042F75D52}") = "Wpf7forSteps", "Wpf7forSteps\Wpf7forSteps.pyproj", "{BCB79183-4492-482C-A1C4-3EDCBF1BB795}"
EndProject
Global
	GlobalSection(SolutionConfigurationPlatforms) = preSolution
		Debug|Any CPU = Debug|Any CPU
		Release|Any CPU = Release|Any CPU
	EndGlobalSection
	GlobalSection(ProjectConfigurationPlatforms) = postSolution
		{0FBE2261-C83C-4CDE-A052-1122DC11215F}.Debug|Any CPU.ActiveCfg = Debug|Any CPU
		{0FBE2261-C83C-4CDE-A052-1122DC11215F}.Release|Any CPU.ActiveCfg = Release|Any CPU
		{3825DED9-07B4-4DF6-AD68-67521D041DF8}.Debug|Any CPU.ActiveCfg = Debug|Any CPU
		{3825DED9-07B4-4DF6-AD68-67521D041DF8}.Release|Any CPU.ActiveCfg = Release|Any CPU
		{38E2738D-8669-46B1-A93B-4E588FEBD1F2}.Debug|Any CPU.ActiveCfg = Debug|Any CPU
		{38E2738D-8669-46B1-A93B-4E588FEBD1F2}.Release|Any CPU.ActiveCfg = Release|Any CPU
		{F768162D-3A86-45F5-ABCB-49889374892C}.Debug|Any CPU.ActiveCfg = Debug|Any CPU
		{F768162D-3A86-45F5-ABCB-49889374892C}.Release|Any CPU.ActiveCfg = Release|Any CPU
		{27A9F8DE-7990-417C-875E-85037E0FCDBB}.Debug|Any CPU.ActiveCfg = Debug|Any CPU
		{27A9F8DE-7990-417C-875E-85037E0FCDBB}.Release|Any CPU.ActiveCfg = Release|Any CPU
		{FCEF6C80-047B-4A56-8871-E636E34E7DB7}.Debug|Any CPU.ActiveCfg = Debug|Any CPU
		{FCEF6C80-047B-4A56-8871-E636E34E7DB7}.Release|Any CPU.ActiveCfg = Release|Any CPU
		{56CF9521-8F4B-4B3A-966B-F0985396A230}.Debug|Any CPU.ActiveCfg = Debug|Any CPU
		{56CF9521-8F4B-4B3A-966B-F0985396A230}.Release|Any CPU.ActiveCfg = Release|Any CPU
		{424CA0E2-1181-423C-BD79-DD8A40CBD64A}.Debug|Any CPU.ActiveCfg = Debug|Any CPU
		{424CA0E2-1181-423C-BD79-DD8A40CBD64A}.Release|Any CPU.ActiveCfg = Release|Any CPU
		{BCB79183-4492-482C-A1C4-3EDCBF1BB795}.Debug|Any CPU.ActiveCfg = Debug|Any CPU
		{BCB79183-4492-482C-A1C4-3EDCBF1BB795}.Release|Any CPU.ActiveCfg = Release|Any CPU
	EndGlobalSection
	GlobalSection(SolutionProperties) = preSolution
		HideSolutionNode = FALSE
	EndGlobalSection
EndGlobal
